// !$*UTF8*$!
{
	archiveVersion = 1;
	classes = {
	};
	objectVersion = 56;
	objects = {

/* Begin PBXBuildFile section */
		5A8F31072A3A6DB80098F953 /* NewsAppApp.swift in Sources */ = {isa = PBXBuildFile; fileRef = 5A8F31062A3A6DB80098F953 /* NewsAppApp.swift */; };
		5A8F31092A3A6DB80098F953 /* ContentView.swift in Sources */ = {isa = PBXBuildFile; fileRef = 5A8F31082A3A6DB80098F953 /* ContentView.swift */; };
		5A8F310B2A3A6DBA0098F953 /* Assets.xcassets in Resources */ = {isa = PBXBuildFile; fileRef = 5A8F310A2A3A6DBA0098F953 /* Assets.xcassets */; };
		5A8F310E2A3A6DBA0098F953 /* Preview Assets.xcassets in Resources */ = {isa = PBXBuildFile; fileRef = 5A8F310D2A3A6DBA0098F953 /* Preview Assets.xcassets */; };
		5A8F31152A3A6E050098F953 /* newsFileJSON.json in Resources */ = {isa = PBXBuildFile; fileRef = 5A8F31142A3A6E050098F953 /* newsFileJSON.json */; };
		5A8F31182A3A6E8A0098F953 /* Article.swift in Sources */ = {isa = PBXBuildFile; fileRef = 5A8F31172A3A6E8A0098F953 /* Article.swift */; };
		5A8F311A2A3A74950098F953 /* APIResponse.swift in Sources */ = {isa = PBXBuildFile; fileRef = 5A8F31192A3A74950098F953 /* APIResponse.swift */; };
		5A8F311F2A3A7F070098F953 /* ArticleRowView.swift in Sources */ = {isa = PBXBuildFile; fileRef = 5A8F311E2A3A7F070098F953 /* ArticleRowView.swift */; };
		5A8F31212A3A8BC40098F953 /* ArticleListView.swift in Sources */ = {isa = PBXBuildFile; fileRef = 5A8F31202A3A8BC40098F953 /* ArticleListView.swift */; };
		5A8F31232A3A90660098F953 /* BrowserWebView.swift in Sources */ = {isa = PBXBuildFile; fileRef = 5A8F31222A3A90660098F953 /* BrowserWebView.swift */; };
		5A8F31262A3A98820098F953 /* NewsAPI.swift in Sources */ = {isa = PBXBuildFile; fileRef = 5A8F31252A3A98820098F953 /* NewsAPI.swift */; };
		5A8F31282A3A99890098F953 /* Category.swift in Sources */ = {isa = PBXBuildFile; fileRef = 5A8F31272A3A99890098F953 /* Category.swift */; };
		5A8F312B2A3AA1540098F953 /* ArticleNewsVC.swift in Sources */ = {isa = PBXBuildFile; fileRef = 5A8F312A2A3AA1540098F953 /* ArticleNewsVC.swift */; };
		5A8F312D2A3B0DF00098F953 /* NewsTabView.swift in Sources */ = {isa = PBXBuildFile; fileRef = 5A8F312C2A3B0DF00098F953 /* NewsTabView.swift */; };
		5A8F312F2A3B639F0098F953 /* ArticleSerchVM.swift in Sources */ = {isa = PBXBuildFile; fileRef = 5A8F312E2A3B639F0098F953 /* ArticleSerchVM.swift */; };
		5A8F31312A3B65BD0098F953 /* SearchTabView.swift in Sources */ = {isa = PBXBuildFile; fileRef = 5A8F31302A3B65BD0098F953 /* SearchTabView.swift */; };
		5A8F31332A3B7BF70098F953 /* SettingsView.swift in Sources */ = {isa = PBXBuildFile; fileRef = 5A8F31322A3B7BF70098F953 /* SettingsView.swift */; };
/* End PBXBuildFile section */

/* Begin PBXFileReference section */
		5A8F31032A3A6DB80098F953 /* NewsApp.app */ = {isa = PBXFileReference; explicitFileType = wrapper.application; includeInIndex = 0; path = NewsApp.app; sourceTree = BUILT_PRODUCTS_DIR; };
		5A8F31062A3A6DB80098F953 /* NewsAppApp.swift */ = {isa = PBXFileReference; lastKnownFileType = sourcecode.swift; path = NewsAppApp.swift; sourceTree = "<group>"; };
		5A8F31082A3A6DB80098F953 /* ContentView.swift */ = {isa = PBXFileReference; lastKnownFileType = sourcecode.swift; path = ContentView.swift; sourceTree = "<group>"; };
		5A8F310A2A3A6DBA0098F953 /* Assets.xcassets */ = {isa = PBXFileReference; lastKnownFileType = folder.assetcatalog; path = Assets.xcassets; sourceTree = "<group>"; };
		5A8F310D2A3A6DBA0098F953 /* Preview Assets.xcassets */ = {isa = PBXFileReference; lastKnownFileType = folder.assetcatalog; path = "Preview Assets.xcassets"; sourceTree = "<group>"; };
		5A8F31142A3A6E050098F953 /* newsFileJSON.json */ = {isa = PBXFileReference; lastKnownFileType = text.json; path = newsFileJSON.json; sourceTree = "<group>"; };
		5A8F31172A3A6E8A0098F953 /* Article.swift */ = {isa = PBXFileReference; lastKnownFileType = sourcecode.swift; path = Article.swift; sourceTree = "<group>"; };
		5A8F31192A3A74950098F953 /* APIResponse.swift */ = {isa = PBXFileReference; lastKnownFileType = sourcecode.swift; path = APIResponse.swift; sourceTree = "<group>"; };
		5A8F311E2A3A7F070098F953 /* ArticleRowView.swift */ = {isa = PBXFileReference; lastKnownFileType = sourcecode.swift; path = ArticleRowView.swift; sourceTree = "<group>"; };
		5A8F31202A3A8BC40098F953 /* ArticleListView.swift */ = {isa = PBXFileReference; lastKnownFileType = sourcecode.swift; path = ArticleListView.swift; sourceTree = "<group>"; };
		5A8F31222A3A90660098F953 /* BrowserWebView.swift */ = {isa = PBXFileReference; lastKnownFileType = sourcecode.swift; path = BrowserWebView.swift; sourceTree = "<group>"; };
		5A8F31252A3A98820098F953 /* NewsAPI.swift */ = {isa = PBXFileReference; lastKnownFileType = sourcecode.swift; path = NewsAPI.swift; sourceTree = "<group>"; };
		5A8F31272A3A99890098F953 /* Category.swift */ = {isa = PBXFileReference; lastKnownFileType = sourcecode.swift; path = Category.swift; sourceTree = "<group>"; };
		5A8F312A2A3AA1540098F953 /* ArticleNewsVC.swift */ = {isa = PBXFileReference; lastKnownFileType = sourcecode.swift; path = ArticleNewsVC.swift; sourceTree = "<group>"; };
		5A8F312C2A3B0DF00098F953 /* NewsTabView.swift */ = {isa = PBXFileReference; lastKnownFileType = sourcecode.swift; path = NewsTabView.swift; sourceTree = "<group>"; };
		5A8F312E2A3B639F0098F953 /* ArticleSerchVM.swift */ = {isa = PBXFileReference; lastKnownFileType = sourcecode.swift; path = ArticleSerchVM.swift; sourceTree = "<group>"; };
		5A8F31302A3B65BD0098F953 /* SearchTabView.swift */ = {isa = PBXFileReference; lastKnownFileType = sourcecode.swift; path = SearchTabView.swift; sourceTree = "<group>"; };
		5A8F31322A3B7BF70098F953 /* SettingsView.swift */ = {isa = PBXFileReference; lastKnownFileType = sourcecode.swift; path = SettingsView.swift; sourceTree = "<group>"; };
/* End PBXFileReference section */

/* Begin PBXFrameworksBuildPhase section */
		5A8F31002A3A6DB80098F953 /* Frameworks */ = {
			isa = PBXFrameworksBuildPhase;
			buildActionMask = 2147483647;
			files = (
			);
			runOnlyForDeploymentPostprocessing = 0;
		};
/* End PBXFrameworksBuildPhase section */

/* Begin PBXGroup section */
		5A8F30FA2A3A6DB80098F953 = {
			isa = PBXGroup;
			children = (
				5A8F31052A3A6DB80098F953 /* NewsApp */,
				5A8F31042A3A6DB80098F953 /* Products */,
			);
			sourceTree = "<group>";
		};
		5A8F31042A3A6DB80098F953 /* Products */ = {
			isa = PBXGroup;
			children = (
				5A8F31032A3A6DB80098F953 /* NewsApp.app */,
			);
			name = Products;
			sourceTree = "<group>";
		};
		5A8F31052A3A6DB80098F953 /* NewsApp */ = {
			isa = PBXGroup;
			children = (
				5A8F31292A3AA1210098F953 /* ViewModel */,
				5A8F31242A3A985C0098F953 /* API */,
				5A8F311B2A3A7E7E0098F953 /* Views */,
				5A8F31162A3A6E570098F953 /* Models */,
				5A8F31062A3A6DB80098F953 /* NewsAppApp.swift */,
				5A8F31082A3A6DB80098F953 /* ContentView.swift */,
				5A8F310A2A3A6DBA0098F953 /* Assets.xcassets */,
				5A8F31142A3A6E050098F953 /* newsFileJSON.json */,
				5A8F310C2A3A6DBA0098F953 /* Preview Content */,
			);
			path = NewsApp;
			sourceTree = "<group>";
		};
		5A8F310C2A3A6DBA0098F953 /* Preview Content */ = {
			isa = PBXGroup;
			children = (
				5A8F310D2A3A6DBA0098F953 /* Preview Assets.xcassets */,
			);
			path = "Preview Content";
			sourceTree = "<group>";
		};
		5A8F31162A3A6E570098F953 /* Models */ = {
			isa = PBXGroup;
			children = (
				5A8F31172A3A6E8A0098F953 /* Article.swift */,
				5A8F31192A3A74950098F953 /* APIResponse.swift */,
				5A8F31272A3A99890098F953 /* Category.swift */,
				5A8F312C2A3B0DF00098F953 /* NewsTabView.swift */,
			);
			path = Models;
			sourceTree = "<group>";
		};
		5A8F311B2A3A7E7E0098F953 /* Views */ = {
			isa = PBXGroup;
			children = (
				5A8F311E2A3A7F070098F953 /* ArticleRowView.swift */,
				5A8F31202A3A8BC40098F953 /* ArticleListView.swift */,
				5A8F31222A3A90660098F953 /* BrowserWebView.swift */,
				5A8F31302A3B65BD0098F953 /* SearchTabView.swift */,
				5A8F31322A3B7BF70098F953 /* SettingsView.swift */,
			);
			path = Views;
			sourceTree = "<group>";
		};
		5A8F31242A3A985C0098F953 /* API */ = {
			isa = PBXGroup;
			children = (
				5A8F31252A3A98820098F953 /* NewsAPI.swift */,
			);
			path = API;
			sourceTree = "<group>";
		};
		5A8F31292A3AA1210098F953 /* ViewModel */ = {
			isa = PBXGroup;
			children = (
				5A8F312A2A3AA1540098F953 /* ArticleNewsVC.swift */,
				5A8F312E2A3B639F0098F953 /* ArticleSerchVM.swift */,
			);
			path = ViewModel;
			sourceTree = "<group>";
		};
/* End PBXGroup section */

/* Begin PBXNativeTarget section */
		5A8F31022A3A6DB80098F953 /* NewsApp */ = {
			isa = PBXNativeTarget;
			buildConfigurationList = 5A8F31112A3A6DBA0098F953 /* Build configuration list for PBXNativeTarget "NewsApp" */;
			buildPhases = (
				5A8F30FF2A3A6DB80098F953 /* Sources */,
				5A8F31002A3A6DB80098F953 /* Frameworks */,
				5A8F31012A3A6DB80098F953 /* Resources */,
			);
			buildRules = (
			);
			dependencies = (
			);
			name = NewsApp;
			productName = NewsApp;
			productReference = 5A8F31032A3A6DB80098F953 /* NewsApp.app */;
			productType = "com.apple.product-type.application";
		};
/* End PBXNativeTarget section */

/* Begin PBXProject section */
		5A8F30FB2A3A6DB80098F953 /* Project object */ = {
			isa = PBXProject;
			attributes = {
				BuildIndependentTargetsInParallel = 1;
				LastSwiftUpdateCheck = 1430;
				LastUpgradeCheck = 1430;
				TargetAttributes = {
					5A8F31022A3A6DB80098F953 = {
						CreatedOnToolsVersion = 14.3.1;
					};
				};
			};
			buildConfigurationList = 5A8F30FE2A3A6DB80098F953 /* Build configuration list for PBXProject "NewsApp" */;
			compatibilityVersion = "Xcode 14.0";
			developmentRegion = en;
			hasScannedForEncodings = 0;
			knownRegions = (
				en,
				Base,
			);
			mainGroup = 5A8F30FA2A3A6DB80098F953;
			productRefGroup = 5A8F31042A3A6DB80098F953 /* Products */;
			projectDirPath = "";
			projectRoot = "";
			targets = (
				5A8F31022A3A6DB80098F953 /* NewsApp */,
			);
		};
/* End PBXProject section */

/* Begin PBXResourcesBuildPhase section */
		5A8F31012A3A6DB80098F953 /* Resources */ = {
			isa = PBXResourcesBuildPhase;
			buildActionMask = 2147483647;
			files = (
				5A8F310E2A3A6DBA0098F953 /* Preview Assets.xcassets in Resources */,
				5A8F310B2A3A6DBA0098F953 /* Assets.xcassets in Resources */,
				5A8F31152A3A6E050098F953 /* newsFileJSON.json in Resources */,
			);
			runOnlyForDeploymentPostprocessing = 0;
		};
/* End PBXResourcesBuildPhase section */

/* Begin PBXSourcesBuildPhase section */
		5A8F30FF2A3A6DB80098F953 /* Sources */ = {
			isa = PBXSourcesBuildPhase;
			buildActionMask = 2147483647;
			files = (
				5A8F31092A3A6DB80098F953 /* ContentView.swift in Sources */,
				5A8F31212A3A8BC40098F953 /* ArticleListView.swift in Sources */,
				5A8F311F2A3A7F070098F953 /* ArticleRowView.swift in Sources */,
				5A8F311A2A3A74950098F953 /* APIResponse.swift in Sources */,
				5A8F31232A3A90660098F953 /* BrowserWebView.swift in Sources */,
				5A8F31312A3B65BD0098F953 /* SearchTabView.swift in Sources */,
				5A8F31282A3A99890098F953 /* Category.swift in Sources */,
				5A8F31332A3B7BF70098F953 /* SettingsView.swift in Sources */,
				5A8F31072A3A6DB80098F953 /* NewsAppApp.swift in Sources */,
				5A8F312D2A3B0DF00098F953 /* NewsTabView.swift in Sources */,
				5A8F31182A3A6E8A0098F953 /* Article.swift in Sources */,
				5A8F312B2A3AA1540098F953 /* ArticleNewsVC.swift in Sources */,
				5A8F31262A3A98820098F953 /* NewsAPI.swift in Sources */,
				5A8F312F2A3B639F0098F953 /* ArticleSerchVM.swift in Sources */,
			);
			runOnlyForDeploymentPostprocessing = 0;
		};
/* End PBXSourcesBuildPhase section */

/* Begin XCBuildConfiguration section */
		5A8F310F2A3A6DBA0098F953 /* Debug */ = {
			isa = XCBuildConfiguration;
			buildSettings = {
				ALWAYS_SEARCH_USER_PATHS = NO;
				CLANG_ANALYZER_NONNULL = YES;
				CLANG_ANALYZER_NUMBER_OBJECT_CONVERSION = YES_AGGRESSIVE;
				CLANG_CXX_LANGUAGE_STANDARD = "gnu++20";
				CLANG_ENABLE_MODULES = YES;
				CLANG_ENABLE_OBJC_ARC = YES;
				CLANG_ENABLE_OBJC_WEAK = YES;
				CLANG_WARN_BLOCK_CAPTURE_AUTORELEASING = YES;
				CLANG_WARN_BOOL_CONVERSION = YES;
				CLANG_WARN_COMMA = YES;
				CLANG_WARN_CONSTANT_CONVERSION = YES;
				CLANG_WARN_DEPRECATED_OBJC_IMPLEMENTATIONS = YES;
				CLANG_WARN_DIRECT_OBJC_ISA_USAGE = YES_ERROR;
				CLANG_WARN_DOCUMENTATION_COMMENTS = YES;
				CLANG_WARN_EMPTY_BODY = YES;
				CLANG_WARN_ENUM_CONVERSION = YES;
				CLANG_WARN_INFINITE_RECURSION = YES;
				CLANG_WARN_INT_CONVERSION = YES;
				CLANG_WARN_NON_LITERAL_NULL_CONVERSION = YES;
				CLANG_WARN_OBJC_IMPLICIT_RETAIN_SELF = YES;
				CLANG_WARN_OBJC_LITERAL_CONVERSION = YES;
				CLANG_WARN_OBJC_ROOT_CLASS = YES_ERROR;
				CLANG_WARN_QUOTED_INCLUDE_IN_FRAMEWORK_HEADER = YES;
				CLANG_WARN_RANGE_LOOP_ANALYSIS = YES;
				CLANG_WARN_STRICT_PROTOTYPES = YES;
				CLANG_WARN_SUSPICIOUS_MOVE = YES;
				CLANG_WARN_UNGUARDED_AVAILABILITY = YES_AGGRESSIVE;
				CLANG_WARN_UNREACHABLE_CODE = YES;
				CLANG_WARN__DUPLICATE_METHOD_MATCH = YES;
				COPY_PHASE_STRIP = NO;
				DEBUG_INFORMATION_FORMAT = dwarf;
				ENABLE_STRICT_OBJC_MSGSEND = YES;
				ENABLE_TESTABILITY = YES;
				GCC_C_LANGUAGE_STANDARD = gnu11;
				GCC_DYNAMIC_NO_PIC = NO;
				GCC_NO_COMMON_BLOCKS = YES;
				GCC_OPTIMIZATION_LEVEL = 0;
				GCC_PREPROCESSOR_DEFINITIONS = (
					"DEBUG=1",
					"$(inherited)",
				);
				GCC_WARN_64_TO_32_BIT_CONVERSION = YES;
				GCC_WARN_ABOUT_RETURN_TYPE = YES_ERROR;
				GCC_WARN_UNDECLARED_SELECTOR = YES;
				GCC_WARN_UNINITIALIZED_AUTOS = YES_AGGRESSIVE;
				GCC_WARN_UNUSED_FUNCTION = YES;
				GCC_WARN_UNUSED_VARIABLE = YES;
				IPHONEOS_DEPLOYMENT_TARGET = 16.4;
				MTL_ENABLE_DEBUG_INFO = INCLUDE_SOURCE;
				MTL_FAST_MATH = YES;
				ONLY_ACTIVE_ARCH = YES;
				SDKROOT = iphoneos;
				SWIFT_ACTIVE_COMPILATION_CONDITIONS = DEBUG;
				SWIFT_OPTIMIZATION_LEVEL = "-Onone";
			};
			name = Debug;
		};
		5A8F31102A3A6DBA0098F953 /* Release */ = {
			isa = XCBuildConfiguration;
			buildSettings = {
				ALWAYS_SEARCH_USER_PATHS = NO;
				CLANG_ANALYZER_NONNULL = YES;
				CLANG_ANALYZER_NUMBER_OBJECT_CONVERSION = YES_AGGRESSIVE;
				CLANG_CXX_LANGUAGE_STANDARD = "gnu++20";
				CLANG_ENABLE_MODULES = YES;
				CLANG_ENABLE_OBJC_ARC = YES;
				CLANG_ENABLE_OBJC_WEAK = YES;
				CLANG_WARN_BLOCK_CAPTURE_AUTORELEASING = YES;
				CLANG_WARN_BOOL_CONVERSION = YES;
				CLANG_WARN_COMMA = YES;
				CLANG_WARN_CONSTANT_CONVERSION = YES;
				CLANG_WARN_DEPRECATED_OBJC_IMPLEMENTATIONS = YES;
				CLANG_WARN_DIRECT_OBJC_ISA_USAGE = YES_ERROR;
				CLANG_WARN_DOCUMENTATION_COMMENTS = YES;
				CLANG_WARN_EMPTY_BODY = YES;
				CLANG_WARN_ENUM_CONVERSION = YES;
				CLANG_WARN_INFINITE_RECURSION = YES;
				CLANG_WARN_INT_CONVERSION = YES;
				CLANG_WARN_NON_LITERAL_NULL_CONVERSION = YES;
				CLANG_WARN_OBJC_IMPLICIT_RETAIN_SELF = YES;
				CLANG_WARN_OBJC_LITERAL_CONVERSION = YES;
				CLANG_WARN_OBJC_ROOT_CLASS = YES_ERROR;
				CLANG_WARN_QUOTED_INCLUDE_IN_FRAMEWORK_HEADER = YES;
				CLANG_WARN_RANGE_LOOP_ANALYSIS = YES;
				CLANG_WARN_STRICT_PROTOTYPES = YES;
				CLANG_WARN_SUSPICIOUS_MOVE = YES;
				CLANG_WARN_UNGUARDED_AVAILABILITY = YES_AGGRESSIVE;
				CLANG_WARN_UNREACHABLE_CODE = YES;
				CLANG_WARN__DUPLICATE_METHOD_MATCH = YES;
				COPY_PHASE_STRIP = NO;
				DEBUG_INFORMATION_FORMAT = "dwarf-with-dsym";
				ENABLE_NS_ASSERTIONS = NO;
				ENABLE_STRICT_OBJC_MSGSEND = YES;
				GCC_C_LANGUAGE_STANDARD = gnu11;
				GCC_NO_COMMON_BLOCKS = YES;
				GCC_WARN_64_TO_32_BIT_CONVERSION = YES;
				GCC_WARN_ABOUT_RETURN_TYPE = YES_ERROR;
				GCC_WARN_UNDECLARED_SELECTOR = YES;
				GCC_WARN_UNINITIALIZED_AUTOS = YES_AGGRESSIVE;
				GCC_WARN_UNUSED_FUNCTION = YES;
				GCC_WARN_UNUSED_VARIABLE = YES;
				IPHONEOS_DEPLOYMENT_TARGET = 16.4;
				MTL_ENABLE_DEBUG_INFO = NO;
				MTL_FAST_MATH = YES;
				SDKROOT = iphoneos;
				SWIFT_COMPILATION_MODE = wholemodule;
				SWIFT_OPTIMIZATION_LEVEL = "-O";
				VALIDATE_PRODUCT = YES;
			};
			name = Release;
		};
		5A8F31122A3A6DBA0098F953 /* Debug */ = {
			isa = XCBuildConfiguration;
			buildSettings = {
				ASSETCATALOG_COMPILER_APPICON_NAME = AppIcon;
				ASSETCATALOG_COMPILER_GLOBAL_ACCENT_COLOR_NAME = AccentColor;
				CODE_SIGN_STYLE = Automatic;
				CURRENT_PROJECT_VERSION = 1;
				DEVELOPMENT_ASSET_PATHS = "\"NewsApp/Preview Content\"";
				DEVELOPMENT_TEAM = QLGVY7XBT8;
				ENABLE_PREVIEWS = YES;
				GENERATE_INFOPLIST_FILE = YES;
				INFOPLIST_KEY_UIApplicationSceneManifest_Generation = YES;
				INFOPLIST_KEY_UIApplicationSupportsIndirectInputEvents = YES;
				INFOPLIST_KEY_UILaunchScreen_Generation = YES;
				INFOPLIST_KEY_UISupportedInterfaceOrientations = UIInterfaceOrientationPortrait;
				INFOPLIST_KEY_UISupportedInterfaceOrientations_iPad = "UIInterfaceOrientationLandscapeLeft UIInterfaceOrientationLandscapeRight UIInterfaceOrientationPortrait UIInterfaceOrientationPortraitUpsideDown";
				IPHONEOS_DEPLOYMENT_TARGET = 15.0;
				LD_RUNPATH_SEARCH_PATHS = (
					"$(inherited)",
					"@executable_path/Frameworks",
				);
				MARKETING_VERSION = 1.0;
				PRODUCT_BUNDLE_IDENTIFIER = artym.NewsApp;
				PRODUCT_NAME = "$(TARGET_NAME)";
				SUPPORTED_PLATFORMS = "iphoneos iphonesimulator";
				SUPPORTS_MACCATALYST = NO;
				SUPPORTS_MAC_DESIGNED_FOR_IPHONE_IPAD = NO;
				SWIFT_EMIT_LOC_STRINGS = YES;
				SWIFT_VERSION = 5.0;
				TARGETED_DEVICE_FAMILY = 1;
			};
			name = Debug;
		};
		5A8F31132A3A6DBA0098F953 /* Release */ = {
			isa = XCBuildConfiguration;
			buildSettings = {
				ASSETCATALOG_COMPILER_APPICON_NAME = AppIcon;
				ASSETCATALOG_COMPILER_GLOBAL_ACCENT_COLOR_NAME = AccentColor;
				CODE_SIGN_STYLE = Automatic;
				CURRENT_PROJECT_VERSION = 1;
				DEVELOPMENT_ASSET_PATHS = "\"NewsApp/Preview Content\"";
				DEVELOPMENT_TEAM = QLGVY7XBT8;
				ENABLE_PREVIEWS = YES;
				GENERATE_INFOPLIST_FILE = YES;
				INFOPLIST_KEY_UIApplicationSceneManifest_Generation = YES;
				INFOPLIST_KEY_UIApplicationSupportsIndirectInputEvents = YES;
				INFOPLIST_KEY_UILaunchScreen_Generation = YES;
				INFOPLIST_KEY_UISupportedInterfaceOrientations = UIInterfaceOrientationPortrait;
				INFOPLIST_KEY_UISupportedInterfaceOrientations_iPad = "UIInterfaceOrientationLandscapeLeft UIInterfaceOrientationLandscapeRight UIInterfaceOrientationPortrait UIInterfaceOrientationPortraitUpsideDown";
				IPHONEOS_DEPLOYMENT_TARGET = 15.0;
				LD_RUNPATH_SEARCH_PATHS = (
					"$(inherited)",
					"@executable_path/Frameworks",
				);
				MARKETING_VERSION = 1.0;
				PRODUCT_BUNDLE_IDENTIFIER = artym.NewsApp;
				PRODUCT_NAME = "$(TARGET_NAME)";
				SUPPORTED_PLATFORMS = "iphoneos iphonesimulator";
				SUPPORTS_MACCATALYST = NO;
				SUPPORTS_MAC_DESIGNED_FOR_IPHONE_IPAD = NO;
				SWIFT_EMIT_LOC_STRINGS = YES;
				SWIFT_VERSION = 5.0;
				TARGETED_DEVICE_FAMILY = 1;
			};
			name = Release;
		};
/* End XCBuildConfiguration section */

/* Begin XCConfigurationList section */
		5A8F30FE2A3A6DB80098F953 /* Build configuration list for PBXProject "NewsApp" */ = {
			isa = XCConfigurationList;
			buildConfigurations = (
				5A8F310F2A3A6DBA0098F953 /* Debug */,
				5A8F31102A3A6DBA0098F953 /* Release */,
			);
			defaultConfigurationIsVisible = 0;
			defaultConfigurationName = Release;
		};
		5A8F31112A3A6DBA0098F953 /* Build configuration list for PBXNativeTarget "NewsApp" */ = {
			isa = XCConfigurationList;
			buildConfigurations = (
				5A8F31122A3A6DBA0098F953 /* Debug */,
				5A8F31132A3A6DBA0098F953 /* Release */,
			);
			defaultConfigurationIsVisible = 0;
			defaultConfigurationName = Release;
		};
/* End XCConfigurationList section */
	};
	rootObject = 5A8F30FB2A3A6DB80098F953 /* Project object */;
}
